
Microsoft Visual Studio Solution File, Format Version 12.00
# Visual Studio Version 16
VisualStudioVersion = 16.0.31613.86
MinimumVisualStudioVersion = 10.0.40219.1
Project("{FAE04EC0-301F-11D3-BF4B-00C04F79EFBC}") = "Course", "Course\Course.csproj", "{F75FB1D6-AD7B-42D4-9169-64B0EA84A9C3}"
EndProject
Global
	GlobalSection(SolutionConfigurationPlatforms) = preSolution
		Debug|Any CPU = Debug|Any CPU
		Release|Any CPU = Release|Any CPU
	EndGlobalSection
	GlobalSection(ProjectConfigurationPlatforms) = postSolution
		{F75FB1D6-AD7B-42D4-9169-64B0EA84A9C3}.Debug|Any CPU.ActiveCfg = Debug|Any CPU
		{F75FB1D6-AD7B-42D4-9169-64B0EA84A9C3}.Debug|Any CPU.Build.0 = Debug|Any CPU
		{F75FB1D6-AD7B-42D4-9169-64B0EA84A9C3}.Release|Any CPU.ActiveCfg = Release|Any CPU
		{F75FB1D6-AD7B-42D4-9169-64B0EA84A9C3}.Release|Any CPU.Build.0 = Release|Any CPU
	EndGlobalSection
	GlobalSection(SolutionProperties) = preSolution
		HideSolutionNode = FALSE
	EndGlobalSection
	GlobalSection(ExtensibilityGlobals) = postSolution
		SolutionGuid = {8EB8E87B-49C1-42F0-95D4-22C802220CB8}
	EndGlobalSection
EndGlobal
